
Microsoft Visual Studio Solution File, Format Version 12.00
# Visual Studio Version 16
VisualStudioVersion = 16.0.31702.278
MinimumVisualStudioVersion = 10.0.40219.1
Project("{FAE04EC0-301F-11D3-BF4B-00C04F79EFBC}") = "practica1", "practica1\practica1.csproj", "{1A576303-C198-4806-A659-98697EB3394C}"
EndProject
Global
	GlobalSection(SolutionConfigurationPlatforms) = preSolution
		Debug|Any CPU = Debug|Any CPU
		Release|Any CPU = Release|Any CPU
	EndGlobalSection
	GlobalSection(ProjectConfigurationPlatforms) = postSolution
		{1A576303-C198-4806-A659-98697EB3394C}.Debug|Any CPU.ActiveCfg = Debug|Any CPU
		{1A576303-C198-4806-A659-98697EB3394C}.Debug|Any CPU.Build.0 = Debug|Any CPU
		{1A576303-C198-4806-A659-98697EB3394C}.Release|Any CPU.ActiveCfg = Release|Any CPU
		{1A576303-C198-4806-A659-98697EB3394C}.Release|Any CPU.Build.0 = Release|Any CPU
	EndGlobalSection
	GlobalSection(SolutionProperties) = preSolution
		HideSolutionNode = FALSE
	EndGlobalSection
	GlobalSection(ExtensibilityGlobals) = postSolution
		SolutionGuid = {03A2E4C0-3066-43C1-970D-421770B35151}
	EndGlobalSection
EndGlobal
